
Microsoft Visual Studio Solution File, Format Version 12.00
# Visual Studio 2013
VisualStudioVersion = 12.0.31101.0
MinimumVisualStudioVersion = 10.0.40219.1
Project("{FAE04EC0-301F-11D3-BF4B-00C04F79EFBC}") = "BusinessEngine", "BusinessEngine\BusinessEngine.csproj", "{06ACF43B-01CE-4832-8AC0-2F22027D404E}"
EndProject
Project("{E24C65DC-7377-472B-9ABA-BC803B73C61A}") = "BusinessWeb", "http://localhost:42832", "{2055560E-4168-4172-BF1F-D7B24260510B}"
	ProjectSection(WebsiteProperties) = preProject
		UseIISExpress = "true"
		TargetFrameworkMoniker = ".NETFramework,Version%3Dv4.5"
		ProjectReferences = "{06acf43b-01ce-4832-8ac0-2f22027d404e}|BusinessEngine.dll;"
		Debug.AspNetCompiler.VirtualPath = "/localhost_42832"
		Debug.AspNetCompiler.PhysicalPath = "BusinessWeb\"
		Debug.AspNetCompiler.TargetPath = "PrecompiledWeb\localhost_42832\"
		Debug.AspNetCompiler.Updateable = "true"
		Debug.AspNetCompiler.ForceOverwrite = "true"
		Debug.AspNetCompiler.FixedNames = "false"
		Debug.AspNetCompiler.Debug = "True"
		Release.AspNetCompiler.VirtualPath = "/localhost_42832"
		Release.AspNetCompiler.PhysicalPath = "BusinessWeb\"
		Release.AspNetCompiler.TargetPath = "PrecompiledWeb\localhost_42832\"
		Release.AspNetCompiler.Updateable = "true"
		Release.AspNetCompiler.ForceOverwrite = "true"
		Release.AspNetCompiler.FixedNames = "false"
		Release.AspNetCompiler.Debug = "False"
		SlnRelativePath = "BusinessWeb\"
		DefaultWebSiteLanguage = "Visual C#"
	EndProjectSection
EndProject
Global
	GlobalSection(SolutionConfigurationPlatforms) = preSolution
		Debug|Any CPU = Debug|Any CPU
		Release|Any CPU = Release|Any CPU
	EndGlobalSection
	GlobalSection(ProjectConfigurationPlatforms) = postSolution
		{06ACF43B-01CE-4832-8AC0-2F22027D404E}.Debug|Any CPU.ActiveCfg = Debug|Any CPU
		{06ACF43B-01CE-4832-8AC0-2F22027D404E}.Debug|Any CPU.Build.0 = Debug|Any CPU
		{06ACF43B-01CE-4832-8AC0-2F22027D404E}.Release|Any CPU.ActiveCfg = Release|Any CPU
		{06ACF43B-01CE-4832-8AC0-2F22027D404E}.Release|Any CPU.Build.0 = Release|Any CPU
		{2055560E-4168-4172-BF1F-D7B24260510B}.Debug|Any CPU.ActiveCfg = Debug|Any CPU
		{2055560E-4168-4172-BF1F-D7B24260510B}.Debug|Any CPU.Build.0 = Debug|Any CPU
		{2055560E-4168-4172-BF1F-D7B24260510B}.Release|Any CPU.ActiveCfg = Debug|Any CPU
		{2055560E-4168-4172-BF1F-D7B24260510B}.Release|Any CPU.Build.0 = Debug|Any CPU
	EndGlobalSection
	GlobalSection(SolutionProperties) = preSolution
		HideSolutionNode = FALSE
	EndGlobalSection
EndGlobal
